// !$*UTF8*$!
{
	archiveVersion = 1;
	classes = {
	};
	objectVersion = 46;
	objects = {

/* Begin PBXBuildFile section */
		930658801F317B25003ABCEC /* AnchorViewController.swift in Sources */ = {isa = PBXBuildFile; fileRef = 930658631F317B25003ABCEC /* AnchorViewController.swift */; };
		930658811F317B25003ABCEC /* HomeViewController.swift in Sources */ = {isa = PBXBuildFile; fileRef = 930658641F317B25003ABCEC /* HomeViewController.swift */; };
		930658821F317B25003ABCEC /* HomeType.swift in Sources */ = {isa = PBXBuildFile; fileRef = 930658661F317B25003ABCEC /* HomeType.swift */; };
		930658831F317B25003ABCEC /* Const.swift in Sources */ = {isa = PBXBuildFile; fileRef = 930658691F317B25003ABCEC /* Const.swift */; };
		930658841F317B25003ABCEC /* NavigationViewController.swift in Sources */ = {isa = PBXBuildFile; fileRef = 9306586B1F317B25003ABCEC /* NavigationViewController.swift */; };
		930658851F317B25003ABCEC /* TabBarViewController.swift in Sources */ = {isa = PBXBuildFile; fileRef = 9306586C1F317B25003ABCEC /* TabBarViewController.swift */; };
		930658861F317B25003ABCEC /* UIColor-SUBExtension.swift in Sources */ = {isa = PBXBuildFile; fileRef = 9306586E1F317B25003ABCEC /* UIColor-SUBExtension.swift */; };
		930658871F317B25003ABCEC /* SUBContentView.swift in Sources */ = {isa = PBXBuildFile; fileRef = 930658711F317B25003ABCEC /* SUBContentView.swift */; };
		930658881F317B25003ABCEC /* SUBPageView.swift in Sources */ = {isa = PBXBuildFile; fileRef = 930658721F317B25003ABCEC /* SUBPageView.swift */; };
		930658891F317B25003ABCEC /* SUBTitleStyle.swift in Sources */ = {isa = PBXBuildFile; fileRef = 930658731F317B25003ABCEC /* SUBTitleStyle.swift */; };
		9306588A1F317B25003ABCEC /* SUBTitleView.swift in Sources */ = {isa = PBXBuildFile; fileRef = 930658741F317B25003ABCEC /* SUBTitleView.swift */; };
		9306588B1F317B25003ABCEC /* AppDelegate.swift in Sources */ = {isa = PBXBuildFile; fileRef = 930658761F317B25003ABCEC /* AppDelegate.swift */; };
		9306588C1F317B25003ABCEC /* ViewController.swift in Sources */ = {isa = PBXBuildFile; fileRef = 930658771F317B25003ABCEC /* ViewController.swift */; };
		9306588D1F317B25003ABCEC /* ProfileViewController.swift in Sources */ = {isa = PBXBuildFile; fileRef = 9306587A1F317B25003ABCEC /* ProfileViewController.swift */; };
		9306589E1F317BD6003ABCEC /* QHNormalEmotionSort.plist in Resources */ = {isa = PBXBuildFile; fileRef = 9306589B1F317BD6003ABCEC /* QHNormalEmotionSort.plist */; };
		9306589F1F317BD6003ABCEC /* QHSohuGifSort.plist in Resources */ = {isa = PBXBuildFile; fileRef = 9306589C1F317BD6003ABCEC /* QHSohuGifSort.plist */; };
		930658A01F317BD6003ABCEC /* types.plist in Resources */ = {isa = PBXBuildFile; fileRef = 9306589D1F317BD6003ABCEC /* types.plist */; };
		930658A21F317BFC003ABCEC /* BaseModel.swift in Sources */ = {isa = PBXBuildFile; fileRef = 930658A11F317BFC003ABCEC /* BaseModel.swift */; };
		930658AD1F317F6D003ABCEC /* Assets.xcassets in Resources */ = {isa = PBXBuildFile; fileRef = 930658AB1F317F6D003ABCEC /* Assets.xcassets */; };
		930658AE1F317F6D003ABCEC /* Info.plist in Resources */ = {isa = PBXBuildFile; fileRef = 930658AC1F317F6D003ABCEC /* Info.plist */; };
		930658B11F319A43003ABCEC /* HomeViewModel.swift in Sources */ = {isa = PBXBuildFile; fileRef = 930658B01F319A43003ABCEC /* HomeViewModel.swift */; };
		930658B31F319A62003ABCEC /* AnchorModel.swift in Sources */ = {isa = PBXBuildFile; fileRef = 930658B21F319A62003ABCEC /* AnchorModel.swift */; };
		930658B61F319B0A003ABCEC /* NetworkTools.swift in Sources */ = {isa = PBXBuildFile; fileRef = 930658B51F319B0A003ABCEC /* NetworkTools.swift */; };
		930658B81F319E79003ABCEC /* WaterfallLayout.swift in Sources */ = {isa = PBXBuildFile; fileRef = 930658B71F319E79003ABCEC /* WaterfallLayout.swift */; };
		930658BF1F319F8A003ABCEC /* HomeViewCell.swift in Sources */ = {isa = PBXBuildFile; fileRef = 930658BD1F319F8A003ABCEC /* HomeViewCell.swift */; };
		930658C01F319F8A003ABCEC /* HomeViewCell.xib in Resources */ = {isa = PBXBuildFile; fileRef = 930658BE1F319F8A003ABCEC /* HomeViewCell.xib */; };
		930658C21F31A325003ABCEC /* KingfisherExtension.swift in Sources */ = {isa = PBXBuildFile; fileRef = 930658C11F31A325003ABCEC /* KingfisherExtension.swift */; };
		9396F3811F10B25D00DA2F89 /* QFTVTests.swift in Sources */ = {isa = PBXBuildFile; fileRef = 9396F3801F10B25D00DA2F89 /* QFTVTests.swift */; };
		9396F38C1F10B25D00DA2F89 /* QFTVUITests.swift in Sources */ = {isa = PBXBuildFile; fileRef = 9396F38B1F10B25D00DA2F89 /* QFTVUITests.swift */; };
		CFDFB9CF9071CEEEF55ED053 /* Pods_QFTV.framework in Frameworks */ = {isa = PBXBuildFile; fileRef = A444EFA85E5C5838DAA528BB /* Pods_QFTV.framework */; };
/* End PBXBuildFile section */

/* Begin PBXContainerItemProxy section */
		9396F37D1F10B25D00DA2F89 /* PBXContainerItemProxy */ = {
			isa = PBXContainerItemProxy;
			containerPortal = 9396F3601F10B25C00DA2F89 /* Project object */;
			proxyType = 1;
			remoteGlobalIDString = 9396F3671F10B25C00DA2F89;
			remoteInfo = QFTV;
		};
		9396F3881F10B25D00DA2F89 /* PBXContainerItemProxy */ = {
			isa = PBXContainerItemProxy;
			containerPortal = 9396F3601F10B25C00DA2F89 /* Project object */;
			proxyType = 1;
			remoteGlobalIDString = 9396F3671F10B25C00DA2F89;
			remoteInfo = QFTV;
		};
/* End PBXContainerItemProxy section */

/* Begin PBXFileReference section */
		215A6B30F62CB9D77F986AD3 /* Pods-QFTV.debug.xcconfig */ = {isa = PBXFileReference; includeInIndex = 1; lastKnownFileType = text.xcconfig; name = "Pods-QFTV.debug.xcconfig"; path = "Pods/Target Support Files/Pods-QFTV/Pods-QFTV.debug.xcconfig"; sourceTree = "<group>"; };
		43E2E38E23A1F69457D1BA3C /* Pods-QFTV.release.xcconfig */ = {isa = PBXFileReference; includeInIndex = 1; lastKnownFileType = text.xcconfig; name = "Pods-QFTV.release.xcconfig"; path = "Pods/Target Support Files/Pods-QFTV/Pods-QFTV.release.xcconfig"; sourceTree = "<group>"; };
		930658631F317B25003ABCEC /* AnchorViewController.swift */ = {isa = PBXFileReference; fileEncoding = 4; lastKnownFileType = sourcecode.swift; path = AnchorViewController.swift; sourceTree = "<group>"; };
		930658641F317B25003ABCEC /* HomeViewController.swift */ = {isa = PBXFileReference; fileEncoding = 4; lastKnownFileType = sourcecode.swift; path = HomeViewController.swift; sourceTree = "<group>"; };
		930658661F317B25003ABCEC /* HomeType.swift */ = {isa = PBXFileReference; fileEncoding = 4; lastKnownFileType = sourcecode.swift; path = HomeType.swift; sourceTree = "<group>"; };
		930658691F317B25003ABCEC /* Const.swift */ = {isa = PBXFileReference; fileEncoding = 4; lastKnownFileType = sourcecode.swift; path = Const.swift; sourceTree = "<group>"; };
		9306586B1F317B25003ABCEC /* NavigationViewController.swift */ = {isa = PBXFileReference; fileEncoding = 4; lastKnownFileType = sourcecode.swift; path = NavigationViewController.swift; sourceTree = "<group>"; };
		9306586C1F317B25003ABCEC /* TabBarViewController.swift */ = {isa = PBXFileReference; fileEncoding = 4; lastKnownFileType = sourcecode.swift; path = TabBarViewController.swift; sourceTree = "<group>"; };
		9306586E1F317B25003ABCEC /* UIColor-SUBExtension.swift */ = {isa = PBXFileReference; fileEncoding = 4; lastKnownFileType = sourcecode.swift; path = "UIColor-SUBExtension.swift"; sourceTree = "<group>"; };
		930658711F317B25003ABCEC /* SUBContentView.swift */ = {isa = PBXFileReference; fileEncoding = 4; lastKnownFileType = sourcecode.swift; path = SUBContentView.swift; sourceTree = "<group>"; };
		930658721F317B25003ABCEC /* SUBPageView.swift */ = {isa = PBXFileReference; fileEncoding = 4; lastKnownFileType = sourcecode.swift; path = SUBPageView.swift; sourceTree = "<group>"; };
		930658731F317B25003ABCEC /* SUBTitleStyle.swift */ = {isa = PBXFileReference; fileEncoding = 4; lastKnownFileType = sourcecode.swift; path = SUBTitleStyle.swift; sourceTree = "<group>"; };
		930658741F317B25003ABCEC /* SUBTitleView.swift */ = {isa = PBXFileReference; fileEncoding = 4; lastKnownFileType = sourcecode.swift; path = SUBTitleView.swift; sourceTree = "<group>"; };
		930658761F317B25003ABCEC /* AppDelegate.swift */ = {isa = PBXFileReference; fileEncoding = 4; lastKnownFileType = sourcecode.swift; path = AppDelegate.swift; sourceTree = "<group>"; };
		930658771F317B25003ABCEC /* ViewController.swift */ = {isa = PBXFileReference; fileEncoding = 4; lastKnownFileType = sourcecode.swift; path = ViewController.swift; sourceTree = "<group>"; };
		9306587A1F317B25003ABCEC /* ProfileViewController.swift */ = {isa = PBXFileReference; fileEncoding = 4; lastKnownFileType = sourcecode.swift; path = ProfileViewController.swift; sourceTree = "<group>"; };
		9306589B1F317BD6003ABCEC /* QHNormalEmotionSort.plist */ = {isa = PBXFileReference; lastKnownFileType = file.bplist; path = QHNormalEmotionSort.plist; sourceTree = "<group>"; };
		9306589C1F317BD6003ABCEC /* QHSohuGifSort.plist */ = {isa = PBXFileReference; lastKnownFileType = file.bplist; path = QHSohuGifSort.plist; sourceTree = "<group>"; };
		9306589D1F317BD6003ABCEC /* types.plist */ = {isa = PBXFileReference; fileEncoding = 4; lastKnownFileType = text.plist.xml; path = types.plist; sourceTree = "<group>"; };
		930658A11F317BFC003ABCEC /* BaseModel.swift */ = {isa = PBXFileReference; fileEncoding = 4; lastKnownFileType = sourcecode.swift; path = BaseModel.swift; sourceTree = "<group>"; };
		930658AB1F317F6D003ABCEC /* Assets.xcassets */ = {isa = PBXFileReference; lastKnownFileType = folder.assetcatalog; name = Assets.xcassets; path = QFTV/Assets.xcassets; sourceTree = "<group>"; };
		930658AC1F317F6D003ABCEC /* Info.plist */ = {isa = PBXFileReference; fileEncoding = 4; lastKnownFileType = text.plist.xml; name = Info.plist; path = QFTV/Info.plist; sourceTree = "<group>"; };
		930658B01F319A43003ABCEC /* HomeViewModel.swift */ = {isa = PBXFileReference; fileEncoding = 4; lastKnownFileType = sourcecode.swift; path = HomeViewModel.swift; sourceTree = "<group>"; };
		930658B21F319A62003ABCEC /* AnchorModel.swift */ = {isa = PBXFileReference; fileEncoding = 4; lastKnownFileType = sourcecode.swift; path = AnchorModel.swift; sourceTree = "<group>"; };
		930658B51F319B0A003ABCEC /* NetworkTools.swift */ = {isa = PBXFileReference; fileEncoding = 4; lastKnownFileType = sourcecode.swift; path = NetworkTools.swift; sourceTree = "<group>"; };
		930658B71F319E79003ABCEC /* WaterfallLayout.swift */ = {isa = PBXFileReference; fileEncoding = 4; lastKnownFileType = sourcecode.swift; path = WaterfallLayout.swift; sourceTree = "<group>"; };
		930658BD1F319F8A003ABCEC /* HomeViewCell.swift */ = {isa = PBXFileReference; fileEncoding = 4; lastKnownFileType = sourcecode.swift; path = HomeViewCell.swift; sourceTree = "<group>"; };
		930658BE1F319F8A003ABCEC /* HomeViewCell.xib */ = {isa = PBXFileReference; fileEncoding = 4; lastKnownFileType = file.xib; path = HomeViewCell.xib; sourceTree = "<group>"; };
		930658C11F31A325003ABCEC /* KingfisherExtension.swift */ = {isa = PBXFileReference; fileEncoding = 4; lastKnownFileType = sourcecode.swift; path = KingfisherExtension.swift; sourceTree = "<group>"; };
		9396F3681F10B25C00DA2F89 /* QFTV.app */ = {isa = PBXFileReference; explicitFileType = wrapper.application; includeInIndex = 0; path = QFTV.app; sourceTree = BUILT_PRODUCTS_DIR; };
		9396F37C1F10B25D00DA2F89 /* QFTVTests.xctest */ = {isa = PBXFileReference; explicitFileType = wrapper.cfbundle; includeInIndex = 0; path = QFTVTests.xctest; sourceTree = BUILT_PRODUCTS_DIR; };
		9396F3801F10B25D00DA2F89 /* QFTVTests.swift */ = {isa = PBXFileReference; lastKnownFileType = sourcecode.swift; path = QFTVTests.swift; sourceTree = "<group>"; };
		9396F3821F10B25D00DA2F89 /* Info.plist */ = {isa = PBXFileReference; lastKnownFileType = text.plist.xml; path = Info.plist; sourceTree = "<group>"; };
		9396F3871F10B25D00DA2F89 /* QFTVUITests.xctest */ = {isa = PBXFileReference; explicitFileType = wrapper.cfbundle; includeInIndex = 0; path = QFTVUITests.xctest; sourceTree = BUILT_PRODUCTS_DIR; };
		9396F38B1F10B25D00DA2F89 /* QFTVUITests.swift */ = {isa = PBXFileReference; lastKnownFileType = sourcecode.swift; path = QFTVUITests.swift; sourceTree = "<group>"; };
		9396F38D1F10B25D00DA2F89 /* Info.plist */ = {isa = PBXFileReference; lastKnownFileType = text.plist.xml; path = Info.plist; sourceTree = "<group>"; };
		A444EFA85E5C5838DAA528BB /* Pods_QFTV.framework */ = {isa = PBXFileReference; explicitFileType = wrapper.framework; includeInIndex = 0; path = Pods_QFTV.framework; sourceTree = BUILT_PRODUCTS_DIR; };
/* End PBXFileReference section */

/* Begin PBXFrameworksBuildPhase section */
		9396F3651F10B25C00DA2F89 /* Frameworks */ = {
			isa = PBXFrameworksBuildPhase;
			buildActionMask = 2147483647;
			files = (
				CFDFB9CF9071CEEEF55ED053 /* Pods_QFTV.framework in Frameworks */,
			);
			runOnlyForDeploymentPostprocessing = 0;
		};
		9396F3791F10B25D00DA2F89 /* Frameworks */ = {
			isa = PBXFrameworksBuildPhase;
			buildActionMask = 2147483647;
			files = (
			);
			runOnlyForDeploymentPostprocessing = 0;
		};
		9396F3841F10B25D00DA2F89 /* Frameworks */ = {
			isa = PBXFrameworksBuildPhase;
			buildActionMask = 2147483647;
			files = (
			);
			runOnlyForDeploymentPostprocessing = 0;
		};
/* End PBXFrameworksBuildPhase section */

/* Begin PBXGroup section */
		15B28F9DFE25B34A7CB74BFB /* Pods */ = {
			isa = PBXGroup;
			children = (
				215A6B30F62CB9D77F986AD3 /* Pods-QFTV.debug.xcconfig */,
				43E2E38E23A1F69457D1BA3C /* Pods-QFTV.release.xcconfig */,
			);
			name = Pods;
			sourceTree = "<group>";
		};
		9306585F1F317B25003ABCEC /* Classes */ = {
			isa = PBXGroup;
			children = (
				930658B41F319AFF003ABCEC /* Tools */,
				930658981F317BC8003ABCEC /* Base */,
				930658601F317B25003ABCEC /* Discover */,
				930658611F317B25003ABCEC /* Home */,
				930658671F317B25003ABCEC /* Main */,
				930658751F317B25003ABCEC /* Others */,
				930658781F317B25003ABCEC /* Profile */,
				9306587B1F317B25003ABCEC /* Rank */,
			);
			path = Classes;
			sourceTree = "<group>";
		};
		930658601F317B25003ABCEC /* Discover */ = {
			isa = PBXGroup;
			children = (
			);
			path = Discover;
			sourceTree = "<group>";
		};
		930658611F317B25003ABCEC /* Home */ = {
			isa = PBXGroup;
			children = (
				930658BC1F319F78003ABCEC /* View */,
				930658AF1F319A39003ABCEC /* Other */,
				930658621F317B25003ABCEC /* Controller */,
				930658651F317B25003ABCEC /* Model */,
			);
			path = Home;
			sourceTree = "<group>";
		};
		930658621F317B25003ABCEC /* Controller */ = {
			isa = PBXGroup;
			children = (
				930658631F317B25003ABCEC /* AnchorViewController.swift */,
				930658641F317B25003ABCEC /* HomeViewController.swift */,
			);
			path = Controller;
			sourceTree = "<group>";
		};
		930658651F317B25003ABCEC /* Model */ = {
			isa = PBXGroup;
			children = (
				930658661F317B25003ABCEC /* HomeType.swift */,
				930658B21F319A62003ABCEC /* AnchorModel.swift */,
			);
			path = Model;
			sourceTree = "<group>";
		};
		930658671F317B25003ABCEC /* Main */ = {
			isa = PBXGroup;
			children = (
				930658681F317B25003ABCEC /* Common */,
				9306586A1F317B25003ABCEC /* Controller */,
				9306586D1F317B25003ABCEC /* Extension */,
				9306586F1F317B25003ABCEC /* View */,
			);
			path = Main;
			sourceTree = "<group>";
		};
		930658681F317B25003ABCEC /* Common */ = {
			isa = PBXGroup;
			children = (
				930658691F317B25003ABCEC /* Const.swift */,
			);
			path = Common;
			sourceTree = "<group>";
		};
		9306586A1F317B25003ABCEC /* Controller */ = {
			isa = PBXGroup;
			children = (
				9306586B1F317B25003ABCEC /* NavigationViewController.swift */,
				9306586C1F317B25003ABCEC /* TabBarViewController.swift */,
			);
			path = Controller;
			sourceTree = "<group>";
		};
		9306586D1F317B25003ABCEC /* Extension */ = {
			isa = PBXGroup;
			children = (
				9306586E1F317B25003ABCEC /* UIColor-SUBExtension.swift */,
			);
			path = Extension;
			sourceTree = "<group>";
		};
		9306586F1F317B25003ABCEC /* View */ = {
			isa = PBXGroup;
			children = (
				930658701F317B25003ABCEC /* SuBPageView */,
			);
			path = View;
			sourceTree = "<group>";
		};
		930658701F317B25003ABCEC /* SuBPageView */ = {
			isa = PBXGroup;
			children = (
				930658711F317B25003ABCEC /* SUBContentView.swift */,
				930658721F317B25003ABCEC /* SUBPageView.swift */,
				930658731F317B25003ABCEC /* SUBTitleStyle.swift */,
				930658741F317B25003ABCEC /* SUBTitleView.swift */,
			);
			path = SuBPageView;
			sourceTree = "<group>";
		};
		930658751F317B25003ABCEC /* Others */ = {
			isa = PBXGroup;
			children = (
				930658761F317B25003ABCEC /* AppDelegate.swift */,
				930658771F317B25003ABCEC /* ViewController.swift */,
			);
			path = Others;
			sourceTree = "<group>";
		};
		930658781F317B25003ABCEC /* Profile */ = {
			isa = PBXGroup;
			children = (
				930658791F317B25003ABCEC /* Controller */,
			);
			path = Profile;
			sourceTree = "<group>";
		};
		930658791F317B25003ABCEC /* Controller */ = {
			isa = PBXGroup;
			children = (
				9306587A1F317B25003ABCEC /* ProfileViewController.swift */,
			);
			path = Controller;
			sourceTree = "<group>";
		};
		9306587B1F317B25003ABCEC /* Rank */ = {
			isa = PBXGroup;
			children = (
			);
			path = Rank;
			sourceTree = "<group>";
		};
		930658981F317BC8003ABCEC /* Base */ = {
			isa = PBXGroup;
			children = (
				930658991F317BC8003ABCEC /* Model */,
			);
			path = Base;
			sourceTree = "<group>";
		};
		930658991F317BC8003ABCEC /* Model */ = {
			isa = PBXGroup;
			children = (
				930658A11F317BFC003ABCEC /* BaseModel.swift */,
			);
			path = Model;
			sourceTree = "<group>";
		};
		9306589A1F317BD6003ABCEC /* Resource */ = {
			isa = PBXGroup;
			children = (
				9306589B1F317BD6003ABCEC /* QHNormalEmotionSort.plist */,
				9306589C1F317BD6003ABCEC /* QHSohuGifSort.plist */,
				9306589D1F317BD6003ABCEC /* types.plist */,
			);
			path = Resource;
			sourceTree = "<group>";
		};
		930658AF1F319A39003ABCEC /* Other */ = {
			isa = PBXGroup;
			children = (
				930658B01F319A43003ABCEC /* HomeViewModel.swift */,
				930658B71F319E79003ABCEC /* WaterfallLayout.swift */,
			);
			path = Other;
			sourceTree = "<group>";
		};
		930658B41F319AFF003ABCEC /* Tools */ = {
			isa = PBXGroup;
			children = (
				930658B51F319B0A003ABCEC /* NetworkTools.swift */,
				930658C11F31A325003ABCEC /* KingfisherExtension.swift */,
			);
			path = Tools;
			sourceTree = "<group>";
		};
		930658BC1F319F78003ABCEC /* View */ = {
			isa = PBXGroup;
			children = (
				930658BD1F319F8A003ABCEC /* HomeViewCell.swift */,
				930658BE1F319F8A003ABCEC /* HomeViewCell.xib */,
			);
			path = View;
			sourceTree = "<group>";
		};
		9396F35F1F10B25C00DA2F89 = {
			isa = PBXGroup;
			children = (
				9396F36A1F10B25C00DA2F89 /* QFTV */,
				930658AB1F317F6D003ABCEC /* Assets.xcassets */,
				930658AC1F317F6D003ABCEC /* Info.plist */,
				9396F37F1F10B25D00DA2F89 /* QFTVTests */,
				9396F38A1F10B25D00DA2F89 /* QFTVUITests */,
				9396F3691F10B25C00DA2F89 /* Products */,
				15B28F9DFE25B34A7CB74BFB /* Pods */,
				CAB3992AC1F9B147C1603B24 /* Frameworks */,
			);
			sourceTree = "<group>";
		};
		9396F3691F10B25C00DA2F89 /* Products */ = {
			isa = PBXGroup;
			children = (
				9396F3681F10B25C00DA2F89 /* QFTV.app */,
				9396F37C1F10B25D00DA2F89 /* QFTVTests.xctest */,
				9396F3871F10B25D00DA2F89 /* QFTVUITests.xctest */,
			);
			name = Products;
			sourceTree = "<group>";
		};
		9396F36A1F10B25C00DA2F89 /* QFTV */ = {
			isa = PBXGroup;
			children = (
				9306589A1F317BD6003ABCEC /* Resource */,
				9306585F1F317B25003ABCEC /* Classes */,
			);
			path = QFTV;
			sourceTree = "<group>";
		};
		9396F37F1F10B25D00DA2F89 /* QFTVTests */ = {
			isa = PBXGroup;
			children = (
				9396F3801F10B25D00DA2F89 /* QFTVTests.swift */,
				9396F3821F10B25D00DA2F89 /* Info.plist */,
			);
			path = QFTVTests;
			sourceTree = "<group>";
		};
		9396F38A1F10B25D00DA2F89 /* QFTVUITests */ = {
			isa = PBXGroup;
			children = (
				9396F38B1F10B25D00DA2F89 /* QFTVUITests.swift */,
				9396F38D1F10B25D00DA2F89 /* Info.plist */,
			);
			path = QFTVUITests;
			sourceTree = "<group>";
		};
		CAB3992AC1F9B147C1603B24 /* Frameworks */ = {
			isa = PBXGroup;
			children = (
				A444EFA85E5C5838DAA528BB /* Pods_QFTV.framework */,
			);
			name = Frameworks;
			sourceTree = "<group>";
		};
/* End PBXGroup section */

/* Begin PBXNativeTarget section */
		9396F3671F10B25C00DA2F89 /* QFTV */ = {
			isa = PBXNativeTarget;
			buildConfigurationList = 9396F3901F10B25D00DA2F89 /* Build configuration list for PBXNativeTarget "QFTV" */;
			buildPhases = (
				0B474B4859B681FF5213B760 /* [CP] Check Pods Manifest.lock */,
				9396F3641F10B25C00DA2F89 /* Sources */,
				9396F3651F10B25C00DA2F89 /* Frameworks */,
				9396F3661F10B25C00DA2F89 /* Resources */,
				62F5B1C05BCE0C515AC3FD43 /* [CP] Embed Pods Frameworks */,
				C04784AD6037506838BD2F26 /* [CP] Copy Pods Resources */,
			);
			buildRules = (
			);
			dependencies = (
			);
			name = QFTV;
			productName = QFTV;
			productReference = 9396F3681F10B25C00DA2F89 /* QFTV.app */;
			productType = "com.apple.product-type.application";
		};
		9396F37B1F10B25D00DA2F89 /* QFTVTests */ = {
			isa = PBXNativeTarget;
			buildConfigurationList = 9396F3931F10B25D00DA2F89 /* Build configuration list for PBXNativeTarget "QFTVTests" */;
			buildPhases = (
				9396F3781F10B25D00DA2F89 /* Sources */,
				9396F3791F10B25D00DA2F89 /* Frameworks */,
				9396F37A1F10B25D00DA2F89 /* Resources */,
			);
			buildRules = (
			);
			dependencies = (
				9396F37E1F10B25D00DA2F89 /* PBXTargetDependency */,
			);
			name = QFTVTests;
			productName = QFTVTests;
			productReference = 9396F37C1F10B25D00DA2F89 /* QFTVTests.xctest */;
			productType = "com.apple.product-type.bundle.unit-test";
		};
		9396F3861F10B25D00DA2F89 /* QFTVUITests */ = {
			isa = PBXNativeTarget;
			buildConfigurationList = 9396F3961F10B25D00DA2F89 /* Build configuration list for PBXNativeTarget "QFTVUITests" */;
			buildPhases = (
				9396F3831F10B25D00DA2F89 /* Sources */,
				9396F3841F10B25D00DA2F89 /* Frameworks */,
				9396F3851F10B25D00DA2F89 /* Resources */,
			);
			buildRules = (
			);
			dependencies = (
				9396F3891F10B25D00DA2F89 /* PBXTargetDependency */,
			);
			name = QFTVUITests;
			productName = QFTVUITests;
			productReference = 9396F3871F10B25D00DA2F89 /* QFTVUITests.xctest */;
			productType = "com.apple.product-type.bundle.ui-testing";
		};
/* End PBXNativeTarget section */

/* Begin PBXProject section */
		9396F3601F10B25C00DA2F89 /* Project object */ = {
			isa = PBXProject;
			attributes = {
				CLASSPREFIX = SUB;
				LastSwiftUpdateCheck = 0830;
				LastUpgradeCheck = 0830;
				ORGANIZATIONNAME = SuBo;
				TargetAttributes = {
					9396F3671F10B25C00DA2F89 = {
						CreatedOnToolsVersion = 8.3.3;
						DevelopmentTeam = 55WR6UYY5G;
						ProvisioningStyle = Automatic;
					};
					9396F37B1F10B25D00DA2F89 = {
						CreatedOnToolsVersion = 8.3.3;
						DevelopmentTeam = 55WR6UYY5G;
						ProvisioningStyle = Automatic;
						TestTargetID = 9396F3671F10B25C00DA2F89;
					};
					9396F3861F10B25D00DA2F89 = {
						CreatedOnToolsVersion = 8.3.3;
						DevelopmentTeam = 55WR6UYY5G;
						ProvisioningStyle = Automatic;
						TestTargetID = 9396F3671F10B25C00DA2F89;
					};
				};
			};
			buildConfigurationList = 9396F3631F10B25C00DA2F89 /* Build configuration list for PBXProject "QFTV" */;
			compatibilityVersion = "Xcode 3.2";
			developmentRegion = English;
			hasScannedForEncodings = 0;
			knownRegions = (
				en,
				Base,
			);
			mainGroup = 9396F35F1F10B25C00DA2F89;
			productRefGroup = 9396F3691F10B25C00DA2F89 /* Products */;
			projectDirPath = "";
			projectRoot = "";
			targets = (
				9396F3671F10B25C00DA2F89 /* QFTV */,
				9396F37B1F10B25D00DA2F89 /* QFTVTests */,
				9396F3861F10B25D00DA2F89 /* QFTVUITests */,
			);
		};
/* End PBXProject section */

/* Begin PBXResourcesBuildPhase section */
		9396F3661F10B25C00DA2F89 /* Resources */ = {
			isa = PBXResourcesBuildPhase;
			buildActionMask = 2147483647;
			files = (
				930658A01F317BD6003ABCEC /* types.plist in Resources */,
				9306589E1F317BD6003ABCEC /* QHNormalEmotionSort.plist in Resources */,
				930658AD1F317F6D003ABCEC /* Assets.xcassets in Resources */,
				930658C01F319F8A003ABCEC /* HomeViewCell.xib in Resources */,
				930658AE1F317F6D003ABCEC /* Info.plist in Resources */,
				9306589F1F317BD6003ABCEC /* QHSohuGifSort.plist in Resources */,
			);
			runOnlyForDeploymentPostprocessing = 0;
		};
		9396F37A1F10B25D00DA2F89 /* Resources */ = {
			isa = PBXResourcesBuildPhase;
			buildActionMask = 2147483647;
			files = (
			);
			runOnlyForDeploymentPostprocessing = 0;
		};
		9396F3851F10B25D00DA2F89 /* Resources */ = {
			isa = PBXResourcesBuildPhase;
			buildActionMask = 2147483647;
			files = (
			);
			runOnlyForDeploymentPostprocessing = 0;
		};
/* End PBXResourcesBuildPhase section */

/* Begin PBXShellScriptBuildPhase section */
		0B474B4859B681FF5213B760 /* [CP] Check Pods Manifest.lock */ = {
			isa = PBXShellScriptBuildPhase;
			buildActionMask = 2147483647;
			files = (
			);
			inputPaths = (
				"${PODS_PODFILE_DIR_PATH}/Podfile.lock",
				"${PODS_ROOT}/Manifest.lock",
			);
			name = "[CP] Check Pods Manifest.lock";
			outputPaths = (
				"$(DERIVED_FILE_DIR)/Pods-QFTV-checkManifestLockResult.txt",
			);
			runOnlyForDeploymentPostprocessing = 0;
			shellPath = /bin/sh;
			shellScript = "diff \"${PODS_PODFILE_DIR_PATH}/Podfile.lock\" \"${PODS_ROOT}/Manifest.lock\" > /dev/null\nif [ $? != 0 ] ; then\n    # print error to STDERR\n    echo \"error: The sandbox is not in sync with the Podfile.lock. Run 'pod install' or update your CocoaPods installation.\" >&2\n    exit 1\nfi\n# This output is used by Xcode 'outputs' to avoid re-running this script phase.\necho \"SUCCESS\" > \"${SCRIPT_OUTPUT_FILE_0}\"\n";
			showEnvVarsInLog = 0;
		};
		62F5B1C05BCE0C515AC3FD43 /* [CP] Embed Pods Frameworks */ = {
			isa = PBXShellScriptBuildPhase;
			buildActionMask = 2147483647;
			files = (
			);
			inputPaths = (
				"${SRCROOT}/Pods/Target Support Files/Pods-QFTV/Pods-QFTV-frameworks.sh",
				"${BUILT_PRODUCTS_DIR}/Alamofire/Alamofire.framework",
				"${BUILT_PRODUCTS_DIR}/Kingfisher/Kingfisher.framework",
			);
			name = "[CP] Embed Pods Frameworks";
			outputPaths = (
				"${TARGET_BUILD_DIR}/${FRAMEWORKS_FOLDER_PATH}/Alamofire.framework",
				"${TARGET_BUILD_DIR}/${FRAMEWORKS_FOLDER_PATH}/Kingfisher.framework",
			);
			runOnlyForDeploymentPostprocessing = 0;
			shellPath = /bin/sh;
			shellScript = "\"${SRCROOT}/Pods/Target Support Files/Pods-QFTV/Pods-QFTV-frameworks.sh\"\n";
			showEnvVarsInLog = 0;
		};
		C04784AD6037506838BD2F26 /* [CP] Copy Pods Resources */ = {
			isa = PBXShellScriptBuildPhase;
			buildActionMask = 2147483647;
			files = (
			);
			inputPaths = (
			);
			name = "[CP] Copy Pods Resources";
			outputPaths = (
			);
			runOnlyForDeploymentPostprocessing = 0;
			shellPath = /bin/sh;
			shellScript = "\"${SRCROOT}/Pods/Target Support Files/Pods-QFTV/Pods-QFTV-resources.sh\"\n";
			showEnvVarsInLog = 0;
		};
/* End PBXShellScriptBuildPhase section */

/* Begin PBXSourcesBuildPhase section */
		9396F3641F10B25C00DA2F89 /* Sources */ = {
			isa = PBXSourcesBuildPhase;
			buildActionMask = 2147483647;
			files = (
				9306588B1F317B25003ABCEC /* AppDelegate.swift in Sources */,
				930658801F317B25003ABCEC /* AnchorViewController.swift in Sources */,
				930658BF1F319F8A003ABCEC /* HomeViewCell.swift in Sources */,
				930658831F317B25003ABCEC /* Const.swift in Sources */,
				930658B11F319A43003ABCEC /* HomeViewModel.swift in Sources */,
				930658881F317B25003ABCEC /* SUBPageView.swift in Sources */,
				9306588D1F317B25003ABCEC /* ProfileViewController.swift in Sources */,
				930658821F317B25003ABCEC /* HomeType.swift in Sources */,
				930658841F317B25003ABCEC /* NavigationViewController.swift in Sources */,
				930658851F317B25003ABCEC /* TabBarViewController.swift in Sources */,
				930658B81F319E79003ABCEC /* WaterfallLayout.swift in Sources */,
				930658811F317B25003ABCEC /* HomeViewController.swift in Sources */,
				930658A21F317BFC003ABCEC /* BaseModel.swift in Sources */,
				9306588C1F317B25003ABCEC /* ViewController.swift in Sources */,
				930658891F317B25003ABCEC /* SUBTitleStyle.swift in Sources */,
				9306588A1F317B25003ABCEC /* SUBTitleView.swift in Sources */,
				930658C21F31A325003ABCEC /* KingfisherExtension.swift in Sources */,
				930658B61F319B0A003ABCEC /* NetworkTools.swift in Sources */,
				930658861F317B25003ABCEC /* UIColor-SUBExtension.swift in Sources */,
				930658871F317B25003ABCEC /* SUBContentView.swift in Sources */,
				930658B31F319A62003ABCEC /* AnchorModel.swift in Sources */,
			);
			runOnlyForDeploymentPostprocessing = 0;
		};
		9396F3781F10B25D00DA2F89 /* Sources */ = {
			isa = PBXSourcesBuildPhase;
			buildActionMask = 2147483647;
			files = (
				9396F3811F10B25D00DA2F89 /* QFTVTests.swift in Sources */,
			);
			runOnlyForDeploymentPostprocessing = 0;
		};
		9396F3831F10B25D00DA2F89 /* Sources */ = {
			isa = PBXSourcesBuildPhase;
			buildActionMask = 2147483647;
			files = (
				9396F38C1F10B25D00DA2F89 /* QFTVUITests.swift in Sources */,
			);
			runOnlyForDeploymentPostprocessing = 0;
		};
/* End PBXSourcesBuildPhase section */

/* Begin PBXTargetDependency section */
		9396F37E1F10B25D00DA2F89 /* PBXTargetDependency */ = {
			isa = PBXTargetDependency;
			target = 9396F3671F10B25C00DA2F89 /* QFTV */;
			targetProxy = 9396F37D1F10B25D00DA2F89 /* PBXContainerItemProxy */;
		};
		9396F3891F10B25D00DA2F89 /* PBXTargetDependency */ = {
			isa = PBXTargetDependency;
			target = 9396F3671F10B25C00DA2F89 /* QFTV */;
			targetProxy = 9396F3881F10B25D00DA2F89 /* PBXContainerItemProxy */;
		};
/* End PBXTargetDependency section */

/* Begin XCBuildConfiguration section */
		9396F38E1F10B25D00DA2F89 /* Debug */ = {
			isa = XCBuildConfiguration;
			buildSettings = {
				ALWAYS_SEARCH_USER_PATHS = NO;
				CLANG_ANALYZER_NONNULL = YES;
				CLANG_ANALYZER_NUMBER_OBJECT_CONVERSION = YES_AGGRESSIVE;
				CLANG_CXX_LANGUAGE_STANDARD = "gnu++0x";
				CLANG_CXX_LIBRARY = "libc++";
				CLANG_ENABLE_MODULES = YES;
				CLANG_ENABLE_OBJC_ARC = YES;
				CLANG_WARN_BOOL_CONVERSION = YES;
				CLANG_WARN_CONSTANT_CONVERSION = YES;
				CLANG_WARN_DIRECT_OBJC_ISA_USAGE = YES_ERROR;
				CLANG_WARN_DOCUMENTATION_COMMENTS = YES;
				CLANG_WARN_EMPTY_BODY = YES;
				CLANG_WARN_ENUM_CONVERSION = YES;
				CLANG_WARN_INFINITE_RECURSION = YES;
				CLANG_WARN_INT_CONVERSION = YES;
				CLANG_WARN_OBJC_ROOT_CLASS = YES_ERROR;
				CLANG_WARN_SUSPICIOUS_MOVE = YES;
				CLANG_WARN_UNREACHABLE_CODE = YES;
				CLANG_WARN__DUPLICATE_METHOD_MATCH = YES;
				"CODE_SIGN_IDENTITY[sdk=iphoneos*]" = "iPhone Developer";
				COPY_PHASE_STRIP = NO;
				DEBUG_INFORMATION_FORMAT = dwarf;
				ENABLE_STRICT_OBJC_MSGSEND = YES;
				ENABLE_TESTABILITY = YES;
				GCC_C_LANGUAGE_STANDARD = gnu99;
				GCC_DYNAMIC_NO_PIC = NO;
				GCC_NO_COMMON_BLOCKS = YES;
				GCC_OPTIMIZATION_LEVEL = 0;
				GCC_PREPROCESSOR_DEFINITIONS = (
					"DEBUG=1",
					"$(inherited)",
				);
				GCC_WARN_64_TO_32_BIT_CONVERSION = YES;
				GCC_WARN_ABOUT_RETURN_TYPE = YES_ERROR;
				GCC_WARN_UNDECLARED_SELECTOR = YES;
				GCC_WARN_UNINITIALIZED_AUTOS = YES_AGGRESSIVE;
				GCC_WARN_UNUSED_FUNCTION = YES;
				GCC_WARN_UNUSED_VARIABLE = YES;
				IPHONEOS_DEPLOYMENT_TARGET = 10.3;
				MTL_ENABLE_DEBUG_INFO = YES;
				ONLY_ACTIVE_ARCH = YES;
				SDKROOT = iphoneos;
				SWIFT_ACTIVE_COMPILATION_CONDITIONS = DEBUG;
				SWIFT_OPTIMIZATION_LEVEL = "-Onone";
			};
			name = Debug;
		};
		9396F38F1F10B25D00DA2F89 /* Release */ = {
			isa = XCBuildConfiguration;
			buildSettings = {
				ALWAYS_SEARCH_USER_PATHS = NO;
				CLANG_ANALYZER_NONNULL = YES;
				CLANG_ANALYZER_NUMBER_OBJECT_CONVERSION = YES_AGGRESSIVE;
				CLANG_CXX_LANGUAGE_STANDARD = "gnu++0x";
				CLANG_CXX_LIBRARY = "libc++";
				CLANG_ENABLE_MODULES = YES;
				CLANG_ENABLE_OBJC_ARC = YES;
				CLANG_WARN_BOOL_CONVERSION = YES;
				CLANG_WARN_CONSTANT_CONVERSION = YES;
				CLANG_WARN_DIRECT_OBJC_ISA_USAGE = YES_ERROR;
				CLANG_WARN_DOCUMENTATION_COMMENTS = YES;
				CLANG_WARN_EMPTY_BODY = YES;
				CLANG_WARN_ENUM_CONVERSION = YES;
				CLANG_WARN_INFINITE_RECURSION = YES;
				CLANG_WARN_INT_CONVERSION = YES;
				CLANG_WARN_OBJC_ROOT_CLASS = YES_ERROR;
				CLANG_WARN_SUSPICIOUS_MOVE = YES;
				CLANG_WARN_UNREACHABLE_CODE = YES;
				CLANG_WARN__DUPLICATE_METHOD_MATCH = YES;
				"CODE_SIGN_IDENTITY[sdk=iphoneos*]" = "iPhone Developer";
				COPY_PHASE_STRIP = NO;
				DEBUG_INFORMATION_FORMAT = "dwarf-with-dsym";
				ENABLE_NS_ASSERTIONS = NO;
				ENABLE_STRICT_OBJC_MSGSEND = YES;
				GCC_C_LANGUAGE_STANDARD = gnu99;
				GCC_NO_COMMON_BLOCKS = YES;
				GCC_WARN_64_TO_32_BIT_CONVERSION = YES;
				GCC_WARN_ABOUT_RETURN_TYPE = YES_ERROR;
				GCC_WARN_UNDECLARED_SELECTOR = YES;
				GCC_WARN_UNINITIALIZED_AUTOS = YES_AGGRESSIVE;
				GCC_WARN_UNUSED_FUNCTION = YES;
				GCC_WARN_UNUSED_VARIABLE = YES;
				IPHONEOS_DEPLOYMENT_TARGET = 10.3;
				MTL_ENABLE_DEBUG_INFO = NO;
				SDKROOT = iphoneos;
				SWIFT_OPTIMIZATION_LEVEL = "-Owholemodule";
				VALIDATE_PRODUCT = YES;
			};
			name = Release;
		};
		9396F3911F10B25D00DA2F89 /* Debug */ = {
			isa = XCBuildConfiguration;
			baseConfigurationReference = 215A6B30F62CB9D77F986AD3 /* Pods-QFTV.debug.xcconfig */;
			buildSettings = {
				ASSETCATALOG_COMPILER_APPICON_NAME = AppIcon;
				ASSETCATALOG_COMPILER_LAUNCHIMAGE_NAME = LaunchImage;
				DEVELOPMENT_TEAM = 55WR6UYY5G;
				INFOPLIST_FILE = QFTV/Info.plist;
				LD_RUNPATH_SEARCH_PATHS = "$(inherited) @executable_path/Frameworks";
				PRODUCT_BUNDLE_IDENTIFIER = com.subo.cn.QFTV;
				PRODUCT_NAME = "$(TARGET_NAME)";
				SWIFT_VERSION = 3.0;
			};
			name = Debug;
		};
		9396F3921F10B25D00DA2F89 /* Release */ = {
			isa = XCBuildConfiguration;
			baseConfigurationReference = 43E2E38E23A1F69457D1BA3C /* Pods-QFTV.release.xcconfig */;
			buildSettings = {
				ASSETCATALOG_COMPILER_APPICON_NAME = AppIcon;
				ASSETCATALOG_COMPILER_LAUNCHIMAGE_NAME = LaunchImage;
				DEVELOPMENT_TEAM = 55WR6UYY5G;
				INFOPLIST_FILE = QFTV/Info.plist;
				LD_RUNPATH_SEARCH_PATHS = "$(inherited) @executable_path/Frameworks";
				PRODUCT_BUNDLE_IDENTIFIER = com.subo.cn.QFTV;
				PRODUCT_NAME = "$(TARGET_NAME)";
				SWIFT_VERSION = 3.0;
			};
			name = Release;
		};
		9396F3941F10B25D00DA2F89 /* Debug */ = {
			isa = XCBuildConfiguration;
			buildSettings = {
				ALWAYS_EMBED_SWIFT_STANDARD_LIBRARIES = YES;
				BUNDLE_LOADER = "$(TEST_HOST)";
				DEVELOPMENT_TEAM = 55WR6UYY5G;
				INFOPLIST_FILE = QFTVTests/Info.plist;
				LD_RUNPATH_SEARCH_PATHS = "$(inherited) @executable_path/Frameworks @loader_path/Frameworks";
				PRODUCT_BUNDLE_IDENTIFIER = com.subo.cn.QFTVTests;
				PRODUCT_NAME = "$(TARGET_NAME)";
				SWIFT_VERSION = 3.0;
				TEST_HOST = "$(BUILT_PRODUCTS_DIR)/QFTV.app/QFTV";
			};
			name = Debug;
		};
		9396F3951F10B25D00DA2F89 /* Release */ = {
			isa = XCBuildConfiguration;
			buildSettings = {
				ALWAYS_EMBED_SWIFT_STANDARD_LIBRARIES = YES;
				BUNDLE_LOADER = "$(TEST_HOST)";
				DEVELOPMENT_TEAM = 55WR6UYY5G;
				INFOPLIST_FILE = QFTVTests/Info.plist;
				LD_RUNPATH_SEARCH_PATHS = "$(inherited) @executable_path/Frameworks @loader_path/Frameworks";
				PRODUCT_BUNDLE_IDENTIFIER = com.subo.cn.QFTVTests;
				PRODUCT_NAME = "$(TARGET_NAME)";
				SWIFT_VERSION = 3.0;
				TEST_HOST = "$(BUILT_PRODUCTS_DIR)/QFTV.app/QFTV";
			};
			name = Release;
		};
		9396F3971F10B25D00DA2F89 /* Debug */ = {
			isa = XCBuildConfiguration;
			buildSettings = {
				ALWAYS_EMBED_SWIFT_STANDARD_LIBRARIES = YES;
				DEVELOPMENT_TEAM = 55WR6UYY5G;
				INFOPLIST_FILE = QFTVUITests/Info.plist;
				LD_RUNPATH_SEARCH_PATHS = "$(inherited) @executable_path/Frameworks @loader_path/Frameworks";
				PRODUCT_BUNDLE_IDENTIFIER = com.subo.cn.QFTVUITests;
				PRODUCT_NAME = "$(TARGET_NAME)";
				SWIFT_VERSION = 3.0;
				TEST_TARGET_NAME = QFTV;
			};
			name = Debug;
		};
		9396F3981F10B25D00DA2F89 /* Release */ = {
			isa = XCBuildConfiguration;
			buildSettings = {
				ALWAYS_EMBED_SWIFT_STANDARD_LIBRARIES = YES;
				DEVELOPMENT_TEAM = 55WR6UYY5G;
				INFOPLIST_FILE = QFTVUITests/Info.plist;
				LD_RUNPATH_SEARCH_PATHS = "$(inherited) @executable_path/Frameworks @loader_path/Frameworks";
				PRODUCT_BUNDLE_IDENTIFIER = com.subo.cn.QFTVUITests;
				PRODUCT_NAME = "$(TARGET_NAME)";
				SWIFT_VERSION = 3.0;
				TEST_TARGET_NAME = QFTV;
			};
			name = Release;
		};
/* End XCBuildConfiguration section */

/* Begin XCConfigurationList section */
		9396F3631F10B25C00DA2F89 /* Build configuration list for PBXProject "QFTV" */ = {
			isa = XCConfigurationList;
			buildConfigurations = (
				9396F38E1F10B25D00DA2F89 /* Debug */,
				9396F38F1F10B25D00DA2F89 /* Release */,
			);
			defaultConfigurationIsVisible = 0;
			defaultConfigurationName = Release;
		};
		9396F3901F10B25D00DA2F89 /* Build configuration list for PBXNativeTarget "QFTV" */ = {
			isa = XCConfigurationList;
			buildConfigurations = (
				9396F3911F10B25D00DA2F89 /* Debug */,
				9396F3921F10B25D00DA2F89 /* Release */,
			);
			defaultConfigurationIsVisible = 0;
			defaultConfigurationName = Release;
		};
		9396F3931F10B25D00DA2F89 /* Build configuration list for PBXNativeTarget "QFTVTests" */ = {
			isa = XCConfigurationList;
			buildConfigurations = (
				9396F3941F10B25D00DA2F89 /* Debug */,
				9396F3951F10B25D00DA2F89 /* Release */,
			);
			defaultConfigurationIsVisible = 0;
			defaultConfigurationName = Release;
		};
		9396F3961F10B25D00DA2F89 /* Build configuration list for PBXNativeTarget "QFTVUITests" */ = {
			isa = XCConfigurationList;
			buildConfigurations = (
				9396F3971F10B25D00DA2F89 /* Debug */,
				9396F3981F10B25D00DA2F89 /* Release */,
			);
			defaultConfigurationIsVisible = 0;
			defaultConfigurationName = Release;
		};
/* End XCConfigurationList section */
	};
	rootObject = 9396F3601F10B25C00DA2F89 /* Project object */;
}
